github.com/u-root/u-root v0.10.0 h1:nz3jSORXAxTl6bNXhRh5s9HT5oRo5hmCJXUJ0q/BK7s=
github.com/u-root/u-root v0.10.0/go.mod h1:lqAiThZZ0/yg0rj49gxpSCK8hfv86NSc+wPhGp5idb4=
golang.org/x/sys v0.0.0-20220610221304-9f5ed59c137d h1:Zu/JngovGLVi6t2J3nmAf3AoTDwuzw85YZ3b9o4yU7s=
golang.org/x/sys v0.0.0-20220610221304-9f5ed59c137d/go.mod h1:oPkhp1MJrh7nUepCBck5+mAzfO9JrbApNNgaTdGDITg=
golang.org/x/sys v0.3.0 h1:w8ZOecv6NaNa/zC8944JTU3vz4u6Lagfk4RPQxv92NQ=
golang.org/x/sys v0.3.0/go.mod h1:oPkhp1MJrh7nUepCBck5+mAzfO9JrbApNNgaTdGDITg=
